# THIS IS AN AUTOGENERATED FILE. DO NOT EDIT THIS FILE DIRECTLY.
# yarn lockfile v1


"@babel/runtime@^7.10.2", "@babel/runtime@^7.13.10":
  version "7.17.2"
  resolved "https://registry.yarnpkg.com/@babel/runtime/-/runtime-7.17.2.tgz#66f68591605e59da47523c631416b18508779941"
  integrity sha512-hzeyJyMA1YGdJTuWU0e/j4wKXrU4OMFvY2MSlaI9B7VQb0r5cxTE3EAIS2Q7Tn2RIcDkRvTA/v2JsAEhxe99uw==
  dependencies:
    regenerator-runtime "^0.13.4"

"@emotion/cache@^11.7.1":
  version "11.7.1"
  resolved "https://registry.yarnpkg.com/@emotion/cache/-/cache-11.7.1.tgz#08d080e396a42e0037848214e8aa7bf879065539"
  integrity sha512-r65Zy4Iljb8oyjtLeCuBH8Qjiy107dOYC6SJq7g7GV5UCQWMObY4SJDPGFjiiVpPrOJ2hmJOoBiYTC7hwx9E2A==
  dependencies:
    "@emotion/memoize" "^0.7.4"
    "@emotion/sheet" "^1.1.0"
    "@emotion/utils" "^1.0.0"
    "@emotion/weak-memoize" "^0.2.5"
    stylis "4.0.13"

"@emotion/hash@^0.8.0":
  version "0.8.0"
  resolved "https://registry.yarnpkg.com/@emotion/hash/-/hash-0.8.0.tgz#bbbff68978fefdbe68ccb533bc8cbe1d1afb5413"
  integrity sha512-kBJtf7PH6aWwZ6fka3zQ0p6SBYzx4fl1LoZXE2RrnYST9Xljm7WfKJrU4g/Xr3Beg72MLrp1AWNUmuYJTL7Cow==

"@emotion/memoize@^0.7.4":
  version "0.7.5"
  resolved "https://registry.yarnpkg.com/@emotion/memoize/-/memoize-0.7.5.tgz#2c40f81449a4e554e9fc6396910ed4843ec2be50"
  integrity sha512-igX9a37DR2ZPGYtV6suZ6whr8pTFtyHL3K/oLUotxpSVO2ASaprmAe2Dkq7tBo7CRY7MMDrAa9nuQP9/YG8FxQ==

"@emotion/react@^11.7.1":
  version "11.7.1"
  resolved "https://registry.yarnpkg.com/@emotion/react/-/react-11.7.1.tgz#3f800ce9b20317c13e77b8489ac4a0b922b2fe07"
  integrity sha512-DV2Xe3yhkF1yT4uAUoJcYL1AmrnO5SVsdfvu+fBuS7IbByDeTVx9+wFmvx9Idzv7/78+9Mgx2Hcmr7Fex3tIyw==
  dependencies:
    "@babel/runtime" "^7.13.10"
    "@emotion/cache" "^11.7.1"
    "@emotion/serialize" "^1.0.2"
    "@emotion/sheet" "^1.1.0"
    "@emotion/utils" "^1.0.0"
    "@emotion/weak-memoize" "^0.2.5"
    hoist-non-react-statics "^3.3.1"

"@emotion/serialize@^1.0.2":
  version "1.0.2"
  resolved "https://registry.yarnpkg.com/@emotion/serialize/-/serialize-1.0.2.tgz#77cb21a0571c9f68eb66087754a65fa97bfcd965"
  integrity sha512-95MgNJ9+/ajxU7QIAruiOAdYNjxZX7G2mhgrtDWswA21VviYIRP1R5QilZ/bDY42xiKsaktP4egJb3QdYQZi1A==
  dependencies:
    "@emotion/hash" "^0.8.0"
    "@emotion/memoize" "^0.7.4"
    "@emotion/unitless" "^0.7.5"
    "@emotion/utils" "^1.0.0"
    csstype "^3.0.2"

"@emotion/sheet@^1.1.0":
  version "1.1.0"
  resolved "https://registry.yarnpkg.com/@emotion/sheet/-/sheet-1.1.0.tgz#56d99c41f0a1cda2726a05aa6a20afd4c63e58d2"
  integrity sha512-u0AX4aSo25sMAygCuQTzS+HsImZFuS8llY8O7b9MDRzbJM0kVJlAz6KNDqcG7pOuQZJmj/8X/rAW+66kMnMW+g==

"@emotion/unitless@^0.7.5":
  version "0.7.5"
  resolved "https://registry.yarnpkg.com/@emotion/unitless/-/unitless-0.7.5.tgz#77211291c1900a700b8a78cfafda3160d76949ed"
  integrity sha512-OWORNpfjMsSSUBVrRBVGECkhWcULOAJz9ZW8uK9qgxD+87M7jHRcvh/A96XXNhXTLmKcoYSQtBEX7lHMO7YRwg==

"@emotion/utils@^1.0.0":
  version "1.0.0"
  resolved "https://registry.yarnpkg.com/@emotion/utils/-/utils-1.0.0.tgz#abe06a83160b10570816c913990245813a2fd6af"
  integrity sha512-mQC2b3XLDs6QCW+pDQDiyO/EdGZYOygE8s5N5rrzjSI4M3IejPE/JPndCBwRT9z982aqQNi6beWs1UeayrQxxA==

"@emotion/weak-memoize@^0.2.5":
  version "0.2.5"
  resolved "https://registry.yarnpkg.com/@emotion/weak-memoize/-/weak-memoize-0.2.5.tgz#8eed982e2ee6f7f4e44c253e12962980791efd46"
  integrity sha512-6U71C2Wp7r5XtFtQzYrW5iKFT67OixrSxjI4MptCHzdSVlgabczzqLe0ZSgnub/5Kp4hSbpDB1tMytZY9pwxxA==

"@mantine/core@^3.6.8":
  version "3.6.8"
  resolved "https://registry.yarnpkg.com/@mantine/core/-/core-3.6.8.tgz#970b9ed447c715d6cd7f6dc90b26982f54029f92"
  integrity sha512-prvJgaS3HJjq5n70KHxnWbQ1aLZwrFfAq3crCfqo2OkRuvncOpW1Ek8z8xgSYxYM+K8q1c0/MuOetcayhF02bA==
  dependencies:
    "@mantine/styles" "3.6.8"
    "@popperjs/core" "^2.9.3"
    "@radix-ui/react-scroll-area" "^0.1.1"
    clsx "^1.1.1"
    react-popper "^2.2.5"
    react-textarea-autosize "^8.3.2"

"@mantine/hooks@^3.6.8":
  version "3.6.8"
  resolved "https://registry.yarnpkg.com/@mantine/hooks/-/hooks-3.6.8.tgz#354d87801cb3c68f929e5f81919a2e18baa999e4"
  integrity sha512-wuvlZepiQi51ZteEKKD812xEO+u/uQcJZlUpdfIShR0IjIcJUrnzD8sAN1+fzRh8CxXWO2oRQyy/ysONh4Qb4w==

"@mantine/styles@3.6.8":
  version "3.6.8"
  resolved "https://registry.yarnpkg.com/@mantine/styles/-/styles-3.6.8.tgz#6717f85fc1cb90cea1caaf89d572c83959cf65d5"
  integrity sha512-XeQgLoWt2IvQLJbPHqYDVMnKroxthsrI2yQ1f7LmMTI9RxDMoCZsMr96avFzzP73G/2CiylX61WtA5NDg3rIwQ==
  dependencies:
    "@emotion/cache" "^11.7.1"
    "@emotion/react" "^11.7.1"
    "@emotion/serialize" "^1.0.2"
    "@emotion/utils" "^1.0.0"
    clsx "^1.1.1"
    csstype "^3.0.9"

"@popperjs/core@^2.9.3":
  version "2.11.2"
  resolved "https://registry.yarnpkg.com/@popperjs/core/-/core-2.11.2.tgz#830beaec4b4091a9e9398ac50f865ddea52186b9"
  integrity sha512-92FRmppjjqz29VMJ2dn+xdyXZBrMlE42AV6Kq6BwjWV7CNUW1hs2FtxSNLQE+gJhaZ6AAmYuO9y8dshhcBl7vA==

"@radix-ui/number@0.1.0":
  version "0.1.0"
  resolved "https://registry.yarnpkg.com/@radix-ui/number/-/number-0.1.0.tgz#73ad13d5cc5f75fa5e147d72e5d5d5e50d688256"
  integrity sha512-rpf6QiOWLHAkM4FEMYu9i+5Jr8cKT893+R4mPpcdsy4LD7omr9JfdOqj/h/xPA5+EcVrpMMlU6rrRYpUB5UI8g==
  dependencies:
    "@babel/runtime" "^7.13.10"

"@radix-ui/primitive@0.1.0":
  version "0.1.0"
  resolved "https://registry.yarnpkg.com/@radix-ui/primitive/-/primitive-0.1.0.tgz#6206b97d379994f0d1929809db035733b337e543"
  integrity sha512-tqxZKybwN5Fa3VzZry4G6mXAAb9aAqKmPtnVbZpL0vsBwvOHTBwsjHVPXylocYLwEtBY9SCe665bYnNB515uoA==
  dependencies:
    "@babel/runtime" "^7.13.10"

"@radix-ui/react-compose-refs@0.1.0":
  version "0.1.0"
  resolved "https://registry.yarnpkg.com/@radix-ui/react-compose-refs/-/react-compose-refs-0.1.0.tgz#cff6e780a0f73778b976acff2c2a5b6551caab95"
  integrity sha512-eyclbh+b77k+69Dk72q3694OHrn9B3QsoIRx7ywX341U9RK1ThgQjMFZoPtmZNQTksXHLNEiefR8hGVeFyInGg==
  dependencies:
    "@babel/runtime" "^7.13.10"

"@radix-ui/react-context@0.1.1":
  version "0.1.1"
  resolved "https://registry.yarnpkg.com/@radix-ui/react-context/-/react-context-0.1.1.tgz#06996829ea124d9a1bc1dbe3e51f33588fab0875"
  integrity sha512-PkyVX1JsLBioeu0jB9WvRpDBBLtLZohVDT3BB5CTSJqActma8S8030P57mWZb4baZifMvN7KKWPAA40UmWKkQg==
  dependencies:
    "@babel/runtime" "^7.13.10"

"@radix-ui/react-presence@0.1.1":
  version "0.1.1"
  resolved "https://registry.yarnpkg.com/@radix-ui/react-presence/-/react-presence-0.1.1.tgz#2088dec6f4f8042f83dd2d6bf9e8ef09dadbbc15"
  integrity sha512-LsL+NcWDpFUAYCmXeH02o4pgqcSLpwxP84UIjCtpIKrsPe2vLuhcp79KC/jZJeXz+of2lUpMAxpM+eCpxFZtlg==
  dependencies:
    "@babel/runtime" "^7.13.10"
    "@radix-ui/react-compose-refs" "0.1.0"
    "@radix-ui/react-use-layout-effect" "0.1.0"

"@radix-ui/react-primitive@0.1.3":
  version "0.1.3"
  resolved "https://registry.yarnpkg.com/@radix-ui/react-primitive/-/react-primitive-0.1.3.tgz#585c35ef2ec06bab0ea9e0fc5c916e556661b881"
  integrity sha512-fcyADaaAx2jdqEDLsTs6aX50S3L1c9K9CC6XMpJpuXFJCU4n9PGTFDZRtY2gAoXXoRCPIBsklCopSmGb6SsDjQ==
  dependencies:
    "@babel/runtime" "^7.13.10"
    "@radix-ui/react-slot" "0.1.2"

"@radix-ui/react-scroll-area@^0.1.1":
  version "0.1.3"
  resolved "https://registry.yarnpkg.com/@radix-ui/react-scroll-area/-/react-scroll-area-0.1.3.tgz#d9ef1625d06346cda7eb71e21947fe726c800144"
  integrity sha512-wn5FdX5pU8N6ygqIad4clrhyiLo3LWCdscIee2nKe2bu7AijtUs/VAqmLEoDLIi2gpkS5RclxHbiHRkaxVvccw==
  dependencies:
    "@babel/runtime" "^7.13.10"
    "@radix-ui/number" "0.1.0"
    "@radix-ui/primitive" "0.1.0"
    "@radix-ui/react-compose-refs" "0.1.0"
    "@radix-ui/react-context" "0.1.1"
    "@radix-ui/react-presence" "0.1.1"
    "@radix-ui/react-primitive" "0.1.3"
    "@radix-ui/react-use-callback-ref" "0.1.0"
    "@radix-ui/react-use-direction" "0.1.0"
    "@radix-ui/react-use-layout-effect" "0.1.0"

"@radix-ui/react-slot@0.1.2":
  version "0.1.2"
  resolved "https://registry.yarnpkg.com/@radix-ui/react-slot/-/react-slot-0.1.2.tgz#e6f7ad9caa8ce81cc8d532c854c56f9b8b6307c8"
  integrity sha512-ADkqfL+agEzEguU3yS26jfB50hRrwf7U4VTwAOZEmi/g+ITcBWe12yM46ueS/UCIMI9Py+gFUaAdxgxafFvY2Q==
  dependencies:
    "@babel/runtime" "^7.13.10"
    "@radix-ui/react-compose-refs" "0.1.0"

"@radix-ui/react-use-callback-ref@0.1.0":
  version "0.1.0"
  resolved "https://registry.yarnpkg.com/@radix-ui/react-use-callback-ref/-/react-use-callback-ref-0.1.0.tgz#934b6e123330f5b3a6b116460e6662cbc663493f"
  integrity sha512-Va041McOFFl+aV+sejvl0BS2aeHx86ND9X/rVFmEFQKTXCp6xgUK0NGUAGcgBlIjnJSbMYPGEk1xKSSlVcN2Aw==
  dependencies:
    "@babel/runtime" "^7.13.10"

"@radix-ui/react-use-direction@0.1.0":
  version "0.1.0"
  resolved "https://registry.yarnpkg.com/@radix-ui/react-use-direction/-/react-use-direction-0.1.0.tgz#97ac1d52e497c974389e7988f809238ed72e7df7"
  integrity sha512-NajpY/An9TCPSfOVkgWIdXJV+VuWl67PxB6kOKYmtNAFHvObzIoh8o0n9sAuwSAyFCZVq211FEf9gvVDRhOyiA==
  dependencies:
    "@babel/runtime" "^7.13.10"

"@radix-ui/react-use-layout-effect@0.1.0":
  version "0.1.0"
  resolved "https://registry.yarnpkg.com/@radix-ui/react-use-layout-effect/-/react-use-layout-effect-0.1.0.tgz#ebf71bd6d2825de8f1fbb984abf2293823f0f223"
  integrity sha512-+wdeS51Y+E1q1Wmd+1xSSbesZkpVj4jsg0BojCbopWvgq5iBvixw5vgemscdh58ep98BwUbsFYnrywFhV9yrVg==
  dependencies:
    "@babel/runtime" "^7.13.10"

clsx@^1.1.1:
  version "1.1.1"
  resolved "https://registry.yarnpkg.com/clsx/-/clsx-1.1.1.tgz#98b3134f9abbdf23b2663491ace13c5c03a73188"
  integrity sha512-6/bPho624p3S2pMyvP5kKBPXnI3ufHLObBFCfgx+LkeR5lg2XYy2hqZqUf45ypD8COn2bhgGJSUE+l5dhNBieA==

csstype@^3.0.2, csstype@^3.0.9:
  version "3.0.10"
  resolved "https://registry.yarnpkg.com/csstype/-/csstype-3.0.10.tgz#2ad3a7bed70f35b965707c092e5f30b327c290e5"
  integrity sha512-2u44ZG2OcNUO9HDp/Jl8C07x6pU/eTR3ncV91SiK3dhG9TWvRVsCoJw14Ckx5DgWkzGA3waZWO3d7pgqpUI/XA==

hoist-non-react-statics@^3.3.1:
  version "3.3.2"
  resolved "https://registry.yarnpkg.com/hoist-non-react-statics/-/hoist-non-react-statics-3.3.2.tgz#ece0acaf71d62c2969c2ec59feff42a4b1a85b45"
  integrity sha512-/gGivxi8JPKWNm/W0jSmzcMPpfpPLc3dY/6GxhX2hQ9iGj3aDfklV4ET7NjKpSinLpJ5vafa9iiGIEZg10SfBw==
  dependencies:
    react-is "^16.7.0"

"js-tokens@^3.0.0 || ^4.0.0":
  version "4.0.0"
  resolved "https://registry.yarnpkg.com/js-tokens/-/js-tokens-4.0.0.tgz#19203fb59991df98e3a287050d4647cdeaf32499"
  integrity sha512-RdJUflcE3cUzKiMqQgsCu06FPu9UdIJO0beYbPhHN4k6apgJtifcoCtT9bcxOpYBtpD2kCM6Sbzg4CausW/PKQ==

loose-envify@^1.0.0:
  version "1.4.0"
  resolved "https://registry.yarnpkg.com/loose-envify/-/loose-envify-1.4.0.tgz#71ee51fa7be4caec1a63839f7e682d8132d30caf"
  integrity sha512-lyuxPGr/Wfhrlem2CL/UcnUc1zcqKAImBDzukY7Y5F/yQiNdko6+fRLevlw1HgMySw7f611UIY408EtxRSoK3Q==
  dependencies:
    js-tokens "^3.0.0 || ^4.0.0"

react-fast-compare@^3.0.1:
  version "3.2.0"
  resolved "https://registry.yarnpkg.com/react-fast-compare/-/react-fast-compare-3.2.0.tgz#641a9da81b6a6320f270e89724fb45a0b39e43bb"
  integrity sha512-rtGImPZ0YyLrscKI9xTpV8psd6I8VAtjKCzQDlzyDvqJA8XOW78TXYQwNRNd8g8JZnDu8q9Fu/1v4HPAVwVdHA==

react-is@^16.7.0:
  version "16.13.1"
  resolved "https://registry.yarnpkg.com/react-is/-/react-is-16.13.1.tgz#789729a4dc36de2999dc156dd6c1d9c18cea56a4"
  integrity sha512-24e6ynE2H+OKt4kqsOvNd8kBpV65zoxbA4BVsEOB3ARVWQki/DHzaUoC5KuON/BiccDaCCTZBuOcfZs70kR8bQ==

react-popper@^2.2.5:
  version "2.2.5"
  resolved "https://registry.yarnpkg.com/react-popper/-/react-popper-2.2.5.tgz#1214ef3cec86330a171671a4fbcbeeb65ee58e96"
  integrity sha512-kxGkS80eQGtLl18+uig1UIf9MKixFSyPxglsgLBxlYnyDf65BiY9B3nZSc6C9XUNDgStROB0fMQlTEz1KxGddw==
  dependencies:
    react-fast-compare "^3.0.1"
    warning "^4.0.2"

react-textarea-autosize@^8.3.2:
  version "8.3.3"
  resolved "https://registry.yarnpkg.com/react-textarea-autosize/-/react-textarea-autosize-8.3.3.tgz#f70913945369da453fd554c168f6baacd1fa04d8"
  integrity sha512-2XlHXK2TDxS6vbQaoPbMOfQ8GK7+irc2fVK6QFIcC8GOnH3zI/v481n+j1L0WaPVvKxwesnY93fEfH++sus2rQ==
  dependencies:
    "@babel/runtime" "^7.10.2"
    use-composed-ref "^1.0.0"
    use-latest "^1.0.0"

regenerator-runtime@^0.13.4:
  version "0.13.9"
  resolved "https://registry.yarnpkg.com/regenerator-runtime/-/regenerator-runtime-0.13.9.tgz#8925742a98ffd90814988d7566ad30ca3b263b52"
  integrity sha512-p3VT+cOEgxFsRRA9X4lkI1E+k2/CtnKtU4gcxyaCUreilL/vqI6CdZ3wxVUx3UOUg+gnUOQQcRI7BmSI656MYA==

stylis@4.0.13:
  version "4.0.13"
  resolved "https://registry.yarnpkg.com/stylis/-/stylis-4.0.13.tgz#f5db332e376d13cc84ecfe5dace9a2a51d954c91"
  integrity sha512-xGPXiFVl4YED9Jh7Euv2V220mriG9u4B2TA6Ybjc1catrstKD2PpIdU3U0RKpkVBC2EhmL/F0sPCr9vrFTNRag==

use-composed-ref@^1.0.0:
  version "1.2.1"
  resolved "https://registry.yarnpkg.com/use-composed-ref/-/use-composed-ref-1.2.1.tgz#9bdcb5ccd894289105da2325e1210079f56bf849"
  integrity sha512-6+X1FLlIcjvFMAeAD/hcxDT8tmyrWnbSPMU0EnxQuDLIxokuFzWliXBiYZuGIx+mrAMLBw0WFfCkaPw8ebzAhw==

use-isomorphic-layout-effect@^1.0.0:
  version "1.1.1"
  resolved "https://registry.yarnpkg.com/use-isomorphic-layout-effect/-/use-isomorphic-layout-effect-1.1.1.tgz#7bb6589170cd2987a152042f9084f9effb75c225"
  integrity sha512-L7Evj8FGcwo/wpbv/qvSfrkHFtOpCzvM5yl2KVyDJoylVuSvzphiiasmjgQPttIGBAy2WKiBNR98q8w7PiNgKQ==

use-latest@^1.0.0:
  version "1.2.0"
  resolved "https://registry.yarnpkg.com/use-latest/-/use-latest-1.2.0.tgz#a44f6572b8288e0972ec411bdd0840ada366f232"
  integrity sha512-d2TEuG6nSLKQLAfW3By8mKr8HurOlTkul0sOpxbClIv4SQ4iOd7BYr7VIzdbktUCnv7dua/60xzd8igMU6jmyw==
  dependencies:
    use-isomorphic-layout-effect "^1.0.0"

warning@^4.0.2:
  version "4.0.3"
  resolved "https://registry.yarnpkg.com/warning/-/warning-4.0.3.tgz#16e9e077eb8a86d6af7d64aa1e05fd85b4678ca3"
  integrity sha512-rpJyN222KWIvHJ/F53XSZv0Zl/accqHR8et1kpaMTD/fLCRxtV8iX8czMzY7sVZupTI3zcUTg8eycS2kNF9l6w==
  dependencies:
    loose-envify "^1.0.0"
